{
  "requires": true,
  "lockfileVersion": 1,
  "dependencies": {
    "bootstrap": {
      "version": "4.0.0",
      "resolved": "https://registry.npmjs.org/bootstrap/-/bootstrap-4.0.0.tgz",
      "integrity": "sha512-gulJE5dGFo6Q61V/whS6VM4WIyrlydXfCgkE+Gxe5hjrJ8rXLLZlALq7zq2RPhOc45PSwQpJkrTnc2KgD6cvmA=="
    },
    "colorette": {
      "version": "1.0.7",
      "resolved": "https://registry.npmjs.org/colorette/-/colorette-1.0.7.tgz",
      "integrity": "sha512-KeK4klsvAgdODAjFPm6QLzvStizJqlxMBtVo4KQMCgk5tt/tf9rAzxmxLHNRynJg3tJjkKGKbHx3j4HLox27Lw=="
    },
    "copycat-brunch": {
      "version": "1.1.1",
      "resolved": "https://registry.npmjs.org/copycat-brunch/-/copycat-brunch-1.1.1.tgz",
      "integrity": "sha512-Tv004qJoleJjIAk8/UJ3FGeacWW9QCVsZ1Nn7ttwEJZjXkPUz0vLjKZo5upXhA/lDmj1+nvzxF/f2jxf/vHtRg==",
      "requires": {
        "loggy": "1.0.4",
        "mkdirp": "0.5.1",
        "quickly-copy-file": "1.0.0"
      }
    },
    "font-awesome": {
      "version": "4.7.0",
      "resolved": "https://registry.npmjs.org/font-awesome/-/font-awesome-4.7.0.tgz",
      "integrity": "sha1-j6jPBBGhoxr9B7BtKQK7n8gVoTM="
    },
    "jquery": {
      "version": "3.3.1",
      "resolved": "https://registry.npmjs.org/jquery/-/jquery-3.3.1.tgz",
      "integrity": "sha512-Ubldcmxp5np52/ENotGxlLe6aGMvmF4R8S6tZjsP6Knsaxd/xp3Zrh50cG93lR6nPXyUFwzN3ZSOQI0wRJNdGg=="
    },
    "loggy": {
      "version": "1.0.4",
      "resolved": "https://registry.npmjs.org/loggy/-/loggy-1.0.4.tgz",
      "integrity": "sha512-cNqUcV6oNLa1kemACNB420Hze4xREnnxfJZ2/EV6aGG6WXW481//DatmJTCyrfEICN0rOLV2NhR/3OFRJcJR7A==",
      "requires": {
        "colorette": "1.0.7",
        "native-notifier": "0.1.3"
      }
    },
    "minimist": {
      "version": "0.0.8",
      "resolved": "https://registry.npmjs.org/minimist/-/minimist-0.0.8.tgz",
      "integrity": "sha1-hX/Kv8M5fSYluCKCYuhqp6ARsF0="
    },
    "mkdirp": {
      "version": "0.5.1",
      "resolved": "https://registry.npmjs.org/mkdirp/-/mkdirp-0.5.1.tgz",
      "integrity": "sha1-MAV0OOrGz3+MR2fzhkjWaX11yQM=",
      "requires": {
        "minimist": "0.0.8"
      }
    },
    "native-notifier": {
      "version": "0.1.3",
      "resolved": "https://registry.npmjs.org/native-notifier/-/native-notifier-0.1.3.tgz",
      "integrity": "sha512-EbfJX43lulcH5d2Ccqzsez9kmcM87Qqx1JzZIhVuYtegS1fTpDBmQ9mrCvMO3SbG7geIDGz8dK+SYIl6PxeEbQ==",
      "requires": {
        "tag-shell": "0.1.0"
      }
    },
    "popper.js": {
      "version": "1.14.7",
      "resolved": "https://registry.npmjs.org/popper.js/-/popper.js-1.14.7.tgz",
      "integrity": "sha512-4q1hNvoUre/8srWsH7hnoSJ5xVmIL4qgz+s4qf2TnJIMyZFUFMGH+9vE7mXynAlHSZ/NdTmmow86muD0myUkVQ=="
    },
    "quickly-copy-file": {
      "version": "1.0.0",
      "resolved": "https://registry.npmjs.org/quickly-copy-file/-/quickly-copy-file-1.0.0.tgz",
      "integrity": "sha1-n4/wZiMFEO50IrASFHKwk6hpCFk=",
      "requires": {
        "mkdirp": "0.5.1"
      }
    },
    "tag-shell": {
      "version": "0.1.0",
      "resolved": "https://registry.npmjs.org/tag-shell/-/tag-shell-0.1.0.tgz",
      "integrity": "sha1-50OBbmpugFrDc19BYuAWuXp9370="
    },
    "tether": {
      "version": "1.4.5",
      "resolved": "https://registry.npmjs.org/tether/-/tether-1.4.5.tgz",
      "integrity": "sha512-fysT1Gug2wbRi7a6waeu39yVDwiNtvwj5m9eRD+qZDSHKNghLo6KqP/U3yM2ap6TNUL2skjXGJaJJTJqoC31vw=="
    }
  }
}
